
Microsoft Visual Studio Solution File, Format Version 12.00
# Visual Studio 15
VisualStudioVersion = 15.0.27703.2026
MinimumVisualStudioVersion = 10.0.40219.1
Project("{FAE04EC0-301F-11D3-BF4B-00C04F79EFBC}") = "Planner", "Planner\Planner.csproj", "{6E290149-AA21-4855-A940-263F748CD5A5}"
EndProject
Global
	GlobalSection(SolutionConfigurationPlatforms) = preSolution
		Debug|Any CPU = Debug|Any CPU
		Release|Any CPU = Release|Any CPU
	EndGlobalSection
	GlobalSection(ProjectConfigurationPlatforms) = postSolution
		{6E290149-AA21-4855-A940-263F748CD5A5}.Debug|Any CPU.ActiveCfg = Debug|Any CPU
		{6E290149-AA21-4855-A940-263F748CD5A5}.Debug|Any CPU.Build.0 = Debug|Any CPU
		{6E290149-AA21-4855-A940-263F748CD5A5}.Release|Any CPU.ActiveCfg = Release|Any CPU
		{6E290149-AA21-4855-A940-263F748CD5A5}.Release|Any CPU.Build.0 = Release|Any CPU
	EndGlobalSection
	GlobalSection(SolutionProperties) = preSolution
		HideSolutionNode = FALSE
	EndGlobalSection
	GlobalSection(ExtensibilityGlobals) = postSolution
		SolutionGuid = {16AB7CE8-53AE-4F28-8D81-3B39573B34AC}
	EndGlobalSection
EndGlobal
